
Microsoft Visual Studio Solution File, Format Version 12.00
# Visual Studio Version 17
VisualStudioVersion = 17.11.35312.102
MinimumVisualStudioVersion = 10.0.40219.1
Project("{FAE04EC0-301F-11D3-BF4B-00C04F79EFBC}") = "Email ve Şifre Kayıt Etmek", "Email ve Şifre Kayıt Etmek\Email ve Şifre Kayıt Etmek.csproj", "{68BE307C-A030-4108-A87C-68DB768924EE}"
EndProject
Global
	GlobalSection(SolutionConfigurationPlatforms) = preSolution
		Debug|Any CPU = Debug|Any CPU
		Release|Any CPU = Release|Any CPU
	EndGlobalSection
	GlobalSection(ProjectConfigurationPlatforms) = postSolution
		{68BE307C-A030-4108-A87C-68DB768924EE}.Debug|Any CPU.ActiveCfg = Debug|Any CPU
		{68BE307C-A030-4108-A87C-68DB768924EE}.Debug|Any CPU.Build.0 = Debug|Any CPU
		{68BE307C-A030-4108-A87C-68DB768924EE}.Release|Any CPU.ActiveCfg = Release|Any CPU
		{68BE307C-A030-4108-A87C-68DB768924EE}.Release|Any CPU.Build.0 = Release|Any CPU
	EndGlobalSection
	GlobalSection(SolutionProperties) = preSolution
		HideSolutionNode = FALSE
	EndGlobalSection
	GlobalSection(ExtensibilityGlobals) = postSolution
		SolutionGuid = {ABE98B32-D07F-4728-93FF-3206EDEA9905}
	EndGlobalSection
EndGlobal
